
Microsoft Visual Studio Solution File, Format Version 12.00
# Visual Studio Version 16
VisualStudioVersion = 16.0.31005.135
MinimumVisualStudioVersion = 10.0.40219.1
Project("{2150E333-8FDC-42A3-9474-1A3956D46DE8}") = "src", "src", "{1BFBBCF0-674C-4AF9-8950-D937A51331EF}"
EndProject
Project("{2150E333-8FDC-42A3-9474-1A3956D46DE8}") = "tests", "tests", "{2AB02C58-ED98-49B4-BFAD-BED413CFB6EE}"
EndProject
Project("{FAE04EC0-301F-11D3-BF4B-00C04F79EFBC}") = "Minesweeper.UnitTests", "Minesweeper.UnitTests\Minesweeper.UnitTests.csproj", "{F3972EAA-B7F4-45A2-918A-54098CF56468}"
EndProject
Project("{FAE04EC0-301F-11D3-BF4B-00C04F79EFBC}") = "Minesweeper.Game", "Minesweeper.Game\Minesweeper.Game.csproj", "{7EFE08C0-8511-4D57-A640-94787EB15402}"
EndProject
Project("{FAE04EC0-301F-11D3-BF4B-00C04F79EFBC}") = "Minesweeper.Core", "Minesweeper.Core\Minesweeper.Core.csproj", "{FE9C9ACE-599D-43DE-8A31-209220696D71}"
EndProject
Global
	GlobalSection(SolutionConfigurationPlatforms) = preSolution
		Debug|Any CPU = Debug|Any CPU
		Release|Any CPU = Release|Any CPU
	EndGlobalSection
	GlobalSection(ProjectConfigurationPlatforms) = postSolution
		{F3972EAA-B7F4-45A2-918A-54098CF56468}.Debug|Any CPU.ActiveCfg = Debug|Any CPU
		{F3972EAA-B7F4-45A2-918A-54098CF56468}.Debug|Any CPU.Build.0 = Debug|Any CPU
		{F3972EAA-B7F4-45A2-918A-54098CF56468}.Release|Any CPU.ActiveCfg = Release|Any CPU
		{F3972EAA-B7F4-45A2-918A-54098CF56468}.Release|Any CPU.Build.0 = Release|Any CPU
		{7EFE08C0-8511-4D57-A640-94787EB15402}.Debug|Any CPU.ActiveCfg = Debug|Any CPU
		{7EFE08C0-8511-4D57-A640-94787EB15402}.Debug|Any CPU.Build.0 = Debug|Any CPU
		{7EFE08C0-8511-4D57-A640-94787EB15402}.Release|Any CPU.ActiveCfg = Release|Any CPU
		{7EFE08C0-8511-4D57-A640-94787EB15402}.Release|Any CPU.Build.0 = Release|Any CPU
		{FE9C9ACE-599D-43DE-8A31-209220696D71}.Debug|Any CPU.ActiveCfg = Debug|Any CPU
		{FE9C9ACE-599D-43DE-8A31-209220696D71}.Debug|Any CPU.Build.0 = Debug|Any CPU
		{FE9C9ACE-599D-43DE-8A31-209220696D71}.Release|Any CPU.ActiveCfg = Release|Any CPU
		{FE9C9ACE-599D-43DE-8A31-209220696D71}.Release|Any CPU.Build.0 = Release|Any CPU
	EndGlobalSection
	GlobalSection(SolutionProperties) = preSolution
		HideSolutionNode = FALSE
	EndGlobalSection
	GlobalSection(NestedProjects) = preSolution
		{F3972EAA-B7F4-45A2-918A-54098CF56468} = {2AB02C58-ED98-49B4-BFAD-BED413CFB6EE}
		{7EFE08C0-8511-4D57-A640-94787EB15402} = {1BFBBCF0-674C-4AF9-8950-D937A51331EF}
		{FE9C9ACE-599D-43DE-8A31-209220696D71} = {1BFBBCF0-674C-4AF9-8950-D937A51331EF}
	EndGlobalSection
	GlobalSection(ExtensibilityGlobals) = postSolution
		SolutionGuid = {B8652C54-38A3-4CBE-8D9C-CFD9A899C661}
	EndGlobalSection
EndGlobal
